<?xml version="1.0" encoding="utf-8"?>
<Project ToolsVersion="4.0" xmlns="http://schemas.microsoft.com/developer/msbuild/2003">
  <ItemGroup>
    <ClCompile Include="Core\Animation.cpp">
      <Filter>Source Files\Core</Filter>
    </ClCompile>
    <ClCompile Include="Core\Camera.cpp">
      <Filter>Source Files\Core</Filter>
    </ClCompile>
    <ClCompile Include="Core\Object.cpp">
      <Filter>Source Files\Core</Filter>
    </ClCompile>
    <ClCompile Include="Core\Stage.cpp">
      <Filter>Source Files\Core</Filter>
    </ClCompile>
    <ClCompile Include="Units\Enemy.cpp">
      <Filter>Source Files\Units</Filter>
    </ClCompile>
    <ClCompile Include="Units\PlasmaBullet.cpp">
      <Filter>Source Files\Units</Filter>
    </ClCompile>
    <ClCompile Include="Units\Player.cpp">
      <Filter>Source Files\Units</Filter>
    </ClCompile>
    <ClCompile Include="Util\ImageFactory.cpp">
      <Filter>Source Files\Util</Filter>
    </ClCompile>
    <ClCompile Include="Util\Randomizer.cpp">
      <Filter>Source Files\Util</Filter>
    </ClCompile>
    <ClCompile Include="Util\TextureFactory.cpp">
      <Filter>Source Files\Util</Filter>
    </ClCompile>
    <ClCompile Include="Util\TextureManager.cpp">
      <Filter>Source Files\Util</Filter>
    </ClCompile>
    <ClCompile Include="Util\TGATexture.cpp">
      <Filter>Source Files\Util</Filter>
    </ClCompile>
    <ClCompile Include="main.cpp">
      <Filter>Source Files</Filter>
    </ClCompile>
    <ClCompile Include="Core\ColorAnimation.cpp">
      <Filter>Source Files\Core\Animations</Filter>
    </ClCompile>
    <ClCompile Include="Core\LinearAnimation.cpp">
      <Filter>Source Files\Core\Animations</Filter>
    </ClCompile>
    <ClCompile Include="Core\RotationAnimation.cpp">
      <Filter>Source Files\Core\Animations</Filter>
    </ClCompile>
  </ItemGroup>
  <ItemGroup>
    <ClInclude Include="Core\Animation.hpp">
      <Filter>Source Files\Core</Filter>
    </ClInclude>
    <ClInclude Include="Core\Camera.hpp">
      <Filter>Source Files\Core</Filter>
    </ClInclude>
    <ClInclude Include="Core\Object.hpp">
      <Filter>Source Files\Core</Filter>
    </ClInclude>
    <ClInclude Include="Core\Point.hpp">
      <Filter>Source Files\Core</Filter>
    </ClInclude>
    <ClInclude Include="Core\Stage.hpp">
      <Filter>Source Files\Core</Filter>
    </ClInclude>
    <ClInclude Include="Core\State.hpp">
      <Filter>Source Files\Core</Filter>
    </ClInclude>
    <ClInclude Include="Core\Coordinate.hpp">
      <Filter>Source Files\Core</Filter>
    </ClInclude>
    <ClInclude Include="Units\Enemy.hpp">
      <Filter>Source Files\Units</Filter>
    </ClInclude>
    <ClInclude Include="Units\PlasmaBullet.hpp">
      <Filter>Source Files\Units</Filter>
    </ClInclude>
    <ClInclude Include="Units\Player.hpp">
      <Filter>Source Files\Units</Filter>
    </ClInclude>
    <ClInclude Include="Util\ImageFactory.hpp">
      <Filter>Source Files\Util</Filter>
    </ClInclude>
    <ClInclude Include="Util\Randomizer.hpp">
      <Filter>Source Files\Util</Filter>
    </ClInclude>
    <ClInclude Include="Util\RawImage.hpp">
      <Filter>Source Files\Util</Filter>
    </ClInclude>
    <ClInclude Include="Core\Texture.hpp">
      <Filter>Source Files\Util</Filter>
    </ClInclude>
    <ClInclude Include="Util\TextureFactory.hpp">
      <Filter>Source Files\Util</Filter>
    </ClInclude>
    <ClInclude Include="Util\TextureManager.hpp">
      <Filter>Source Files\Util</Filter>
    </ClInclude>
    <ClInclude Include="Util\TGATexture.hpp">
      <Filter>Source Files\Util</Filter>
    </ClInclude>
    <ClInclude Include="resource.h">
      <Filter>Header Files</Filter>
    </ClInclude>
    <ClInclude Include="Core\ColorAnimation.hpp">
      <Filter>Source Files\Core\Animations</Filter>
    </ClInclude>
    <ClInclude Include="Core\LinearAnimation.hpp">
      <Filter>Source Files\Core\Animations</Filter>
    </ClInclude>
    <ClInclude Include="Core\RotationAnimation.hpp">
      <Filter>Source Files\Core\Animations</Filter>
    </ClInclude>
  </ItemGroup>
  <ItemGroup>
    <Filter Include="Source Files">
      <UniqueIdentifier>{85de143b-f91f-4950-a62f-24626893864b}</UniqueIdentifier>
    </Filter>
    <Filter Include="Source Files\Core">
      <UniqueIdentifier>{9f813dd4-62d8-4316-a3ab-da764ab0f1ac}</UniqueIdentifier>
    </Filter>
    <Filter Include="Source Files\Units">
      <UniqueIdentifier>{87564f2c-c75b-4ed8-8213-520aaf565e81}</UniqueIdentifier>
    </Filter>
    <Filter Include="Source Files\Util">
      <UniqueIdentifier>{738e4885-8de5-4426-9c8c-b921955ad47b}</UniqueIdentifier>
    </Filter>
    <Filter Include="Header Files">
      <UniqueIdentifier>{0a122ac1-75a2-44d7-912b-27a6794e7cf1}</UniqueIdentifier>
    </Filter>
    <Filter Include="Resource Files">
      <UniqueIdentifier>{7345b4c2-7620-4808-bc72-2cfd4044a013}</UniqueIdentifier>
    </Filter>
    <Filter Include="Source Files\Core\Animations">
      <UniqueIdentifier>{c16136d6-e47f-4e5f-9f6b-6e0ee998f43b}</UniqueIdentifier>
    </Filter>
  </ItemGroup>
  <ItemGroup>
    <ResourceCompile Include="Blitz.rc">
      <Filter>Resource Files</Filter>
    </ResourceCompile>
  </ItemGroup>
</Project>